
Microsoft Visual Studio Solution File, Format Version 12.00
# Visual Studio Version 17
VisualStudioVersion = 17.13.35818.85
MinimumVisualStudioVersion = 10.0.40219.1
Project("{FAE04EC0-301F-11D3-BF4B-00C04F79EFBC}") = "PurrfectTrack.Shared", "PurrfectTrack.Shared\PurrfectTrack.Shared.csproj", "{069185D5-BC58-4991-A538-27B12859D19D}"
EndProject
Project("{FAE04EC0-301F-11D3-BF4B-00C04F79EFBC}") = "PurrfectTrack.Application", "PurrfectTrack.Application\PurrfectTrack.Application.csproj", "{64DEE3F4-6B20-4EED-A627-B5EA09927021}"
EndProject
Project("{FAE04EC0-301F-11D3-BF4B-00C04F79EFBC}") = "PurrfectTrack.Domain", "PurrfectTrack.Domain\PurrfectTrack.Domain.csproj", "{A9968E99-D91C-4AD3-85EB-0CC567793FFD}"
EndProject
Project("{FAE04EC0-301F-11D3-BF4B-00C04F79EFBC}") = "PurrfectTrack.Infrastructure", "PurrfectTrack.Infrastructure\PurrfectTrack.Infrastructure.csproj", "{79CE0695-8F8F-4FFF-8B53-7F0A02D2E6B4}"
EndProject
Project("{FAE04EC0-301F-11D3-BF4B-00C04F79EFBC}") = "PurrfectTrack.Api", "PurrfectTrack.Api\PurrfectTrack.Api.csproj", "{C5DA4171-F2E0-45D6-8BF5-6AE31AC5F264}"
EndProject
Project("{E53339B2-1760-4266-BCC7-CA923CBCF16C}") = "docker-compose", "docker-compose.dcproj", "{81DDED9D-158B-E303-5F62-77A2896D2A5A}"
EndProject
Global
	GlobalSection(SolutionConfigurationPlatforms) = preSolution
		Debug|Any CPU = Debug|Any CPU
		Release|Any CPU = Release|Any CPU
	EndGlobalSection
	GlobalSection(ProjectConfigurationPlatforms) = postSolution
		{069185D5-BC58-4991-A538-27B12859D19D}.Debug|Any CPU.ActiveCfg = Debug|Any CPU
		{069185D5-BC58-4991-A538-27B12859D19D}.Debug|Any CPU.Build.0 = Debug|Any CPU
		{069185D5-BC58-4991-A538-27B12859D19D}.Release|Any CPU.ActiveCfg = Release|Any CPU
		{069185D5-BC58-4991-A538-27B12859D19D}.Release|Any CPU.Build.0 = Release|Any CPU
		{64DEE3F4-6B20-4EED-A627-B5EA09927021}.Debug|Any CPU.ActiveCfg = Debug|Any CPU
		{64DEE3F4-6B20-4EED-A627-B5EA09927021}.Debug|Any CPU.Build.0 = Debug|Any CPU
		{64DEE3F4-6B20-4EED-A627-B5EA09927021}.Release|Any CPU.ActiveCfg = Release|Any CPU
		{64DEE3F4-6B20-4EED-A627-B5EA09927021}.Release|Any CPU.Build.0 = Release|Any CPU
		{A9968E99-D91C-4AD3-85EB-0CC567793FFD}.Debug|Any CPU.ActiveCfg = Debug|Any CPU
		{A9968E99-D91C-4AD3-85EB-0CC567793FFD}.Debug|Any CPU.Build.0 = Debug|Any CPU
		{A9968E99-D91C-4AD3-85EB-0CC567793FFD}.Release|Any CPU.ActiveCfg = Release|Any CPU
		{A9968E99-D91C-4AD3-85EB-0CC567793FFD}.Release|Any CPU.Build.0 = Release|Any CPU
		{79CE0695-8F8F-4FFF-8B53-7F0A02D2E6B4}.Debug|Any CPU.ActiveCfg = Debug|Any CPU
		{79CE0695-8F8F-4FFF-8B53-7F0A02D2E6B4}.Debug|Any CPU.Build.0 = Debug|Any CPU
		{79CE0695-8F8F-4FFF-8B53-7F0A02D2E6B4}.Release|Any CPU.ActiveCfg = Release|Any CPU
		{79CE0695-8F8F-4FFF-8B53-7F0A02D2E6B4}.Release|Any CPU.Build.0 = Release|Any CPU
		{C5DA4171-F2E0-45D6-8BF5-6AE31AC5F264}.Debug|Any CPU.ActiveCfg = Debug|Any CPU
		{C5DA4171-F2E0-45D6-8BF5-6AE31AC5F264}.Debug|Any CPU.Build.0 = Debug|Any CPU
		{C5DA4171-F2E0-45D6-8BF5-6AE31AC5F264}.Release|Any CPU.ActiveCfg = Release|Any CPU
		{C5DA4171-F2E0-45D6-8BF5-6AE31AC5F264}.Release|Any CPU.Build.0 = Release|Any CPU
		{81DDED9D-158B-E303-5F62-77A2896D2A5A}.Debug|Any CPU.ActiveCfg = Debug|Any CPU
		{81DDED9D-158B-E303-5F62-77A2896D2A5A}.Debug|Any CPU.Build.0 = Debug|Any CPU
		{81DDED9D-158B-E303-5F62-77A2896D2A5A}.Release|Any CPU.ActiveCfg = Release|Any CPU
		{81DDED9D-158B-E303-5F62-77A2896D2A5A}.Release|Any CPU.Build.0 = Release|Any CPU
	EndGlobalSection
	GlobalSection(SolutionProperties) = preSolution
		HideSolutionNode = FALSE
	EndGlobalSection
	GlobalSection(ExtensibilityGlobals) = postSolution
		SolutionGuid = {58FE19CE-604D-4801-9BAD-07D9710D67BE}
	EndGlobalSection
EndGlobal
